{
    "_meta": {
        "hash": {
            "sha256": "e1d37344a96c0db1407db5f6cb4102b294a5b919558d47207b486d2e3750a53a"
        },
        "pipfile-spec": 6,
        "requires": {
            "python_version": "3.8"
        },
        "sources": [
            {
                "name": "pypi",
                "url": "https://pypi.org/simple",
                "verify_ssl": true
            }
        ]
    },
    "default": {
        "dataclasses": {
            "hashes": [
                "sha256:454a69d788c7fda44efd71e259be79577822f5e3f53f029a22d08004e951dc9f",
                "sha256:6988bd2b895eef432d562370bb707d540f32f7360ab13da45340101bc2307d84"
            ],
            "version": "==0.6"
        },
        "screeninfo": {
            "hashes": [
                "sha256:811b61e10af7dd1f5e9cd246b4faf4f93b478757a8a6ace28c64754d2f1aff03"
            ],
            "index": "pypi",
            "version": "==0.6.1"
        }
    },
    "develop": {}
}
